
Microsoft Visual Studio Solution File, Format Version 12.00
# Visual Studio 2013
VisualStudioVersion = 12.0.30723.0
MinimumVisualStudioVersion = 10.0.40219.1
Project("{FAE04EC0-301F-11D3-BF4B-00C04F79EFBC}") = "WebApp", "WebApp\WebApp.csproj", "{5E42A6A5-2D70-4972-B85A-C61F82EF480F}"
EndProject
Project("{FAE04EC0-301F-11D3-BF4B-00C04F79EFBC}") = "Infrastructure", "Infrastructure\Infrastructure.csproj", "{6147BEED-CEFD-472F-906A-A7E78890684E}"
EndProject
Project("{FAE04EC0-301F-11D3-BF4B-00C04F79EFBC}") = "DataSimulator", "DataSimulator\DataSimulator.csproj", "{A70438B9-39E5-4BEB-BECF-D0C5440195B1}"
EndProject
Global
	GlobalSection(SolutionConfigurationPlatforms) = preSolution
		Debug|Any CPU = Debug|Any CPU
		Release|Any CPU = Release|Any CPU
	EndGlobalSection
	GlobalSection(ProjectConfigurationPlatforms) = postSolution
		{5E42A6A5-2D70-4972-B85A-C61F82EF480F}.Debug|Any CPU.ActiveCfg = Debug|Any CPU
		{5E42A6A5-2D70-4972-B85A-C61F82EF480F}.Debug|Any CPU.Build.0 = Debug|Any CPU
		{5E42A6A5-2D70-4972-B85A-C61F82EF480F}.Release|Any CPU.ActiveCfg = Release|Any CPU
		{5E42A6A5-2D70-4972-B85A-C61F82EF480F}.Release|Any CPU.Build.0 = Release|Any CPU
		{6147BEED-CEFD-472F-906A-A7E78890684E}.Debug|Any CPU.ActiveCfg = Debug|Any CPU
		{6147BEED-CEFD-472F-906A-A7E78890684E}.Debug|Any CPU.Build.0 = Debug|Any CPU
		{6147BEED-CEFD-472F-906A-A7E78890684E}.Release|Any CPU.ActiveCfg = Release|Any CPU
		{6147BEED-CEFD-472F-906A-A7E78890684E}.Release|Any CPU.Build.0 = Release|Any CPU
		{A70438B9-39E5-4BEB-BECF-D0C5440195B1}.Debug|Any CPU.ActiveCfg = Debug|Any CPU
		{A70438B9-39E5-4BEB-BECF-D0C5440195B1}.Debug|Any CPU.Build.0 = Debug|Any CPU
		{A70438B9-39E5-4BEB-BECF-D0C5440195B1}.Release|Any CPU.ActiveCfg = Release|Any CPU
		{A70438B9-39E5-4BEB-BECF-D0C5440195B1}.Release|Any CPU.Build.0 = Release|Any CPU
	EndGlobalSection
	GlobalSection(SolutionProperties) = preSolution
		HideSolutionNode = FALSE
	EndGlobalSection
EndGlobal
